Microsoft Visual Studio Solution File, Format Version 12.00
# Visual Studio Version 17
VisualStudioVersion = 17.5.2.0
MinimumVisualStudioVersion = 10.0.40219.1
Project("{2150E333-8FDC-42A3-9474-1A3956D46DE8}") = "sandbox", "sandbox", "{3D40F055-384E-DE04-BB81-B7972E166B19}"
EndProject
Project("{2150E333-8FDC-42A3-9474-1A3956D46DE8}") = "Aleksa_Djordjevic", "Aleksa_Djordjevic", "{E6823E20-09CD-7BBA-AA1C-83B9608A5ED4}"
EndProject
Project("{2150E333-8FDC-42A3-9474-1A3956D46DE8}") = "crud-app", "crud-app", "{ABFE888F-390B-CF7A-9265-9B7C377A15AB}"
EndProject
Project("{2150E333-8FDC-42A3-9474-1A3956D46DE8}") = "back", "back", "{8EB69152-F415-0FAA-8B81-5C2310B156FB}"
EndProject
Project("{FAE04EC0-301F-11D3-BF4B-00C04F79EFBC}") = "VideoGameAPI", "sandbox\Aleksa_Djordjevic\crud-app\back\VideoGameAPI\VideoGameAPI.csproj", "{A276E6A4-8218-25A9-98A6-44AE2308E20D}"
EndProject
Global
	GlobalSection(SolutionConfigurationPlatforms) = preSolution
		Debug|Any CPU = Debug|Any CPU
		Release|Any CPU = Release|Any CPU
	EndGlobalSection
	GlobalSection(ProjectConfigurationPlatforms) = postSolution
		{A276E6A4-8218-25A9-98A6-44AE2308E20D}.Debug|Any CPU.ActiveCfg = Debug|Any CPU
		{A276E6A4-8218-25A9-98A6-44AE2308E20D}.Debug|Any CPU.Build.0 = Debug|Any CPU
		{A276E6A4-8218-25A9-98A6-44AE2308E20D}.Release|Any CPU.ActiveCfg = Release|Any CPU
		{A276E6A4-8218-25A9-98A6-44AE2308E20D}.Release|Any CPU.Build.0 = Release|Any CPU
	EndGlobalSection
	GlobalSection(SolutionProperties) = preSolution
		HideSolutionNode = FALSE
	EndGlobalSection
	GlobalSection(NestedProjects) = preSolution
		{E6823E20-09CD-7BBA-AA1C-83B9608A5ED4} = {3D40F055-384E-DE04-BB81-B7972E166B19}
		{ABFE888F-390B-CF7A-9265-9B7C377A15AB} = {E6823E20-09CD-7BBA-AA1C-83B9608A5ED4}
		{8EB69152-F415-0FAA-8B81-5C2310B156FB} = {ABFE888F-390B-CF7A-9265-9B7C377A15AB}
		{A276E6A4-8218-25A9-98A6-44AE2308E20D} = {8EB69152-F415-0FAA-8B81-5C2310B156FB}
	EndGlobalSection
	GlobalSection(ExtensibilityGlobals) = postSolution
		SolutionGuid = {69A9129C-1ED3-49AF-8931-3479E61E3255}
	EndGlobalSection
EndGlobal
