
Microsoft Visual Studio Solution File, Format Version 12.00
# Visual Studio Version 17
VisualStudioVersion = 17.14.36203.30 d17.14
MinimumVisualStudioVersion = 10.0.40219.1
Project("{FAE04EC0-301F-11D3-BF4B-00C04F79EFBC}") = "crud.api", "crud.api\crud.api.csproj", "{4FB52B9C-F234-4E16-B762-550967A9775E}"
EndProject
Global
	GlobalSection(SolutionConfigurationPlatforms) = preSolution
		Debug|Any CPU = Debug|Any CPU
		Release|Any CPU = Release|Any CPU
	EndGlobalSection
	GlobalSection(ProjectConfigurationPlatforms) = postSolution
		{4FB52B9C-F234-4E16-B762-550967A9775E}.Debug|Any CPU.ActiveCfg = Debug|Any CPU
		{4FB52B9C-F234-4E16-B762-550967A9775E}.Debug|Any CPU.Build.0 = Debug|Any CPU
		{4FB52B9C-F234-4E16-B762-550967A9775E}.Release|Any CPU.ActiveCfg = Release|Any CPU
		{4FB52B9C-F234-4E16-B762-550967A9775E}.Release|Any CPU.Build.0 = Release|Any CPU
	EndGlobalSection
	GlobalSection(SolutionProperties) = preSolution
		HideSolutionNode = FALSE
	EndGlobalSection
	GlobalSection(ExtensibilityGlobals) = postSolution
		SolutionGuid = {CDBA3F41-6775-42DB-9EC0-8EBEF4416542}
	EndGlobalSection
EndGlobal
